
Microsoft Visual Studio Solution File, Format Version 12.00
# Visual Studio Version 17
VisualStudioVersion = 17.4.33213.308
MinimumVisualStudioVersion = 10.0.40219.1
Project("{9A19103F-16F7-4668-BE54-9A1E7A4F7556}") = "TemperatureConversion", "TemperatureConversion.csproj", "{2E1C3FB6-8D53-48F6-B67D-9492837AD437}"
EndProject
Global
	GlobalSection(SolutionConfigurationPlatforms) = preSolution
		Debug|Any CPU = Debug|Any CPU
		Release|Any CPU = Release|Any CPU
	EndGlobalSection
	GlobalSection(ProjectConfigurationPlatforms) = postSolution
		{2E1C3FB6-8D53-48F6-B67D-9492837AD437}.Debug|Any CPU.ActiveCfg = Debug|Any CPU
		{2E1C3FB6-8D53-48F6-B67D-9492837AD437}.Debug|Any CPU.Build.0 = Debug|Any CPU
		{2E1C3FB6-8D53-48F6-B67D-9492837AD437}.Release|Any CPU.ActiveCfg = Release|Any CPU
		{2E1C3FB6-8D53-48F6-B67D-9492837AD437}.Release|Any CPU.Build.0 = Release|Any CPU
	EndGlobalSection
	GlobalSection(SolutionProperties) = preSolution
		HideSolutionNode = FALSE
	EndGlobalSection
	GlobalSection(ExtensibilityGlobals) = postSolution
		SolutionGuid = {DEC3C75E-C79D-4C8F-838E-57C17F971AFF}
	EndGlobalSection
EndGlobal
